
Microsoft Visual Studio Solution File, Format Version 12.00
# Visual Studio Version 17
VisualStudioVersion = 17.8.34330.188
MinimumVisualStudioVersion = 10.0.40219.1
Project("{FAE04EC0-301F-11D3-BF4B-00C04F79EFBC}") = "Lista de Tarefas", "Lista de Tarefas\Lista de Tarefas.csproj", "{BDCA957F-1167-4A03-899F-6A242E8D4611}"
EndProject
Global
	GlobalSection(SolutionConfigurationPlatforms) = preSolution
		Debug|Any CPU = Debug|Any CPU
		Release|Any CPU = Release|Any CPU
	EndGlobalSection
	GlobalSection(ProjectConfigurationPlatforms) = postSolution
		{BDCA957F-1167-4A03-899F-6A242E8D4611}.Debug|Any CPU.ActiveCfg = Debug|Any CPU
		{BDCA957F-1167-4A03-899F-6A242E8D4611}.Debug|Any CPU.Build.0 = Debug|Any CPU
		{BDCA957F-1167-4A03-899F-6A242E8D4611}.Release|Any CPU.ActiveCfg = Release|Any CPU
		{BDCA957F-1167-4A03-899F-6A242E8D4611}.Release|Any CPU.Build.0 = Release|Any CPU
	EndGlobalSection
	GlobalSection(SolutionProperties) = preSolution
		HideSolutionNode = FALSE
	EndGlobalSection
	GlobalSection(ExtensibilityGlobals) = postSolution
		SolutionGuid = {B9E76B79-540C-419B-A98A-EFB801EEFE23}
	EndGlobalSection
EndGlobal
